
Microsoft Visual Studio Solution File, Format Version 12.00
# Visual Studio Version 17
VisualStudioVersion = 17.6.33815.320
MinimumVisualStudioVersion = 10.0.40219.1
Project("{8BC9CEB8-8B4A-11D0-8D11-00A0C91BC942}") = "Bank_KATA", "Bank_KATA.vcxproj", "{DBC915F7-15F6-433E-8B9A-433197C10D45}"
EndProject
Project("{2150E333-8FDC-42A3-9474-1A3956D46DE8}") = "솔루션 항목", "솔루션 항목", "{FFFA1FA0-7B74-405E-A2AE-9606929C5303}"
	ProjectSection(SolutionItems) = preProject
		.gitignore = .gitignore
		README.md = README.md
	EndProjectSection
EndProject
Global
	GlobalSection(SolutionConfigurationPlatforms) = preSolution
		Debug|x64 = Debug|x64
		Debug|x86 = Debug|x86
		Release|x64 = Release|x64
		Release|x86 = Release|x86
	EndGlobalSection
	GlobalSection(ProjectConfigurationPlatforms) = postSolution
		{DBC915F7-15F6-433E-8B9A-433197C10D45}.Debug|x64.ActiveCfg = Debug|x64
		{DBC915F7-15F6-433E-8B9A-433197C10D45}.Debug|x64.Build.0 = Debug|x64
		{DBC915F7-15F6-433E-8B9A-433197C10D45}.Debug|x86.ActiveCfg = Debug|Win32
		{DBC915F7-15F6-433E-8B9A-433197C10D45}.Debug|x86.Build.0 = Debug|Win32
		{DBC915F7-15F6-433E-8B9A-433197C10D45}.Release|x64.ActiveCfg = Release|x64
		{DBC915F7-15F6-433E-8B9A-433197C10D45}.Release|x64.Build.0 = Release|x64
		{DBC915F7-15F6-433E-8B9A-433197C10D45}.Release|x86.ActiveCfg = Release|Win32
		{DBC915F7-15F6-433E-8B9A-433197C10D45}.Release|x86.Build.0 = Release|Win32
	EndGlobalSection
	GlobalSection(SolutionProperties) = preSolution
		HideSolutionNode = FALSE
	EndGlobalSection
	GlobalSection(ExtensibilityGlobals) = postSolution
		SolutionGuid = {336B126E-D742-4622-94F0-F720E370D80F}
	EndGlobalSection
EndGlobal
